
Microsoft Visual Studio Solution File, Format Version 12.00
# Visual Studio Version 16
VisualStudioVersion = 16.0.31205.134
MinimumVisualStudioVersion = 10.0.40219.1
Project("{9A19103F-16F7-4668-BE54-9A1E7A4F7556}") = "Wrapper.Spacy", "Wrapper.Spacy\Wrapper.Spacy.csproj", "{DF55423A-815C-4FB2-9B74-8D9D29503A91}"
EndProject
Project("{2150E333-8FDC-42A3-9474-1A3956D46DE8}") = "Domain", "Domain", "{B626083E-DCDD-4B2C-9780-C2898568DF61}"
EndProject
Project("{2150E333-8FDC-42A3-9474-1A3956D46DE8}") = "Repository", "Repository", "{3E547D56-1768-4927-AFD1-D00FC015A4BE}"
EndProject
Project("{2150E333-8FDC-42A3-9474-1A3956D46DE8}") = "Services", "Services", "{7EE293DD-94E2-433B-816F-3DB2C561CF79}"
EndProject
Project("{9A19103F-16F7-4668-BE54-9A1E7A4F7556}") = "OData", "OData\OData.csproj", "{6D39E646-F113-4366-B28B-AEBAC9EC1A55}"
EndProject
Project("{9A19103F-16F7-4668-BE54-9A1E7A4F7556}") = "DataAccess", "DataAccess\DataAccess.csproj", "{9C233024-A03A-4FB7-A700-6B0E942F6ABD}"
EndProject
Project("{2150E333-8FDC-42A3-9474-1A3956D46DE8}") = "Application", "Application", "{C200CEF2-5964-426B-B347-FCE0A2FF2420}"
EndProject
Project("{9A19103F-16F7-4668-BE54-9A1E7A4F7556}") = "NlpDT", "NlpDT\NlpDT.csproj", "{AAE9FB6B-EEDB-497A-8EE1-BA0E718D814B}"
EndProject
Project("{9A19103F-16F7-4668-BE54-9A1E7A4F7556}") = "Console", "Console\Console.csproj", "{EB506D48-0849-4241-BD71-9C6D132823B4}"
EndProject
Project("{2150E333-8FDC-42A3-9474-1A3956D46DE8}") = "Test.Tools", "Test.Tools", "{9CE06808-8C78-4944-9EB0-83A259A10BD3}"
EndProject
Project("{2150E333-8FDC-42A3-9474-1A3956D46DE8}") = "Service", "Service", "{39D62B8D-A8D6-44CD-818E-C79DDA20BDFE}"
EndProject
Project("{9A19103F-16F7-4668-BE54-9A1E7A4F7556}") = "CommandSequence", "CommandSequence\CommandSequence.csproj", "{890576D7-B6C8-44A5-BCE7-F4258732ACED}"
EndProject
Project("{2150E333-8FDC-42A3-9474-1A3956D46DE8}") = "Core", "Core", "{D4131695-AC44-477A-AAA6-C44D954B00B4}"
EndProject
Project("{9A19103F-16F7-4668-BE54-9A1E7A4F7556}") = "Synonyms", "Synonyms\Synonyms.csproj", "{BE015B33-7357-4276-B4B0-3628C761F8DE}"
EndProject
Project("{2150E333-8FDC-42A3-9474-1A3956D46DE8}") = "Infraestructure", "Infraestructure", "{0A88008E-0F27-4C19-9081-C4A96413B758}"
EndProject
Project("{9A19103F-16F7-4668-BE54-9A1E7A4F7556}") = "ClassificationTree.Infraestructure", "ClassificationTree.Infraestructure\ClassificationTree.Infraestructure.csproj", "{D0ED4F6C-B567-4AFA-B5D0-0200A536AA66}"
EndProject
Project("{9A19103F-16F7-4668-BE54-9A1E7A4F7556}") = "ClassificationTree", "ClassificationTree\ClassificationTree.csproj", "{1BAAFE95-A9F6-4702-ACFA-D17AFB0502EA}"
EndProject
Project("{9A19103F-16F7-4668-BE54-9A1E7A4F7556}") = "NlpDT.Test", "NlpDT.Test\NlpDT.Test.csproj", "{D7F79823-9CA9-4A74-870F-87507CD9D067}"
EndProject
Project("{9A19103F-16F7-4668-BE54-9A1E7A4F7556}") = "StrategyReturnData", "StrategyReturnData\StrategyReturnData.csproj", "{0B07DDE4-6EA8-41C6-8830-D3BABAAE3ED4}"
EndProject
Global
	GlobalSection(SolutionConfigurationPlatforms) = preSolution
		Debug|Any CPU = Debug|Any CPU
		Debug|x64 = Debug|x64
		Release|Any CPU = Release|Any CPU
		Release|x64 = Release|x64
	EndGlobalSection
	GlobalSection(ProjectConfigurationPlatforms) = postSolution
		{DF55423A-815C-4FB2-9B74-8D9D29503A91}.Debug|Any CPU.ActiveCfg = Debug|Any CPU
		{DF55423A-815C-4FB2-9B74-8D9D29503A91}.Debug|Any CPU.Build.0 = Debug|Any CPU
		{DF55423A-815C-4FB2-9B74-8D9D29503A91}.Debug|x64.ActiveCfg = Debug|x64
		{DF55423A-815C-4FB2-9B74-8D9D29503A91}.Debug|x64.Build.0 = Debug|x64
		{DF55423A-815C-4FB2-9B74-8D9D29503A91}.Release|Any CPU.ActiveCfg = Release|Any CPU
		{DF55423A-815C-4FB2-9B74-8D9D29503A91}.Release|Any CPU.Build.0 = Release|Any CPU
		{DF55423A-815C-4FB2-9B74-8D9D29503A91}.Release|x64.ActiveCfg = Release|x64
		{DF55423A-815C-4FB2-9B74-8D9D29503A91}.Release|x64.Build.0 = Release|x64
		{6D39E646-F113-4366-B28B-AEBAC9EC1A55}.Debug|Any CPU.ActiveCfg = Debug|Any CPU
		{6D39E646-F113-4366-B28B-AEBAC9EC1A55}.Debug|Any CPU.Build.0 = Debug|Any CPU
		{6D39E646-F113-4366-B28B-AEBAC9EC1A55}.Debug|x64.ActiveCfg = Debug|Any CPU
		{6D39E646-F113-4366-B28B-AEBAC9EC1A55}.Debug|x64.Build.0 = Debug|Any CPU
		{6D39E646-F113-4366-B28B-AEBAC9EC1A55}.Release|Any CPU.ActiveCfg = Release|Any CPU
		{6D39E646-F113-4366-B28B-AEBAC9EC1A55}.Release|Any CPU.Build.0 = Release|Any CPU
		{6D39E646-F113-4366-B28B-AEBAC9EC1A55}.Release|x64.ActiveCfg = Release|Any CPU
		{6D39E646-F113-4366-B28B-AEBAC9EC1A55}.Release|x64.Build.0 = Release|Any CPU
		{9C233024-A03A-4FB7-A700-6B0E942F6ABD}.Debug|Any CPU.ActiveCfg = Debug|Any CPU
		{9C233024-A03A-4FB7-A700-6B0E942F6ABD}.Debug|Any CPU.Build.0 = Debug|Any CPU
		{9C233024-A03A-4FB7-A700-6B0E942F6ABD}.Debug|x64.ActiveCfg = Debug|Any CPU
		{9C233024-A03A-4FB7-A700-6B0E942F6ABD}.Debug|x64.Build.0 = Debug|Any CPU
		{9C233024-A03A-4FB7-A700-6B0E942F6ABD}.Release|Any CPU.ActiveCfg = Release|Any CPU
		{9C233024-A03A-4FB7-A700-6B0E942F6ABD}.Release|Any CPU.Build.0 = Release|Any CPU
		{9C233024-A03A-4FB7-A700-6B0E942F6ABD}.Release|x64.ActiveCfg = Release|Any CPU
		{9C233024-A03A-4FB7-A700-6B0E942F6ABD}.Release|x64.Build.0 = Release|Any CPU
		{AAE9FB6B-EEDB-497A-8EE1-BA0E718D814B}.Debug|Any CPU.ActiveCfg = Debug|Any CPU
		{AAE9FB6B-EEDB-497A-8EE1-BA0E718D814B}.Debug|Any CPU.Build.0 = Debug|Any CPU
		{AAE9FB6B-EEDB-497A-8EE1-BA0E718D814B}.Debug|x64.ActiveCfg = Debug|Any CPU
		{AAE9FB6B-EEDB-497A-8EE1-BA0E718D814B}.Debug|x64.Build.0 = Debug|Any CPU
		{AAE9FB6B-EEDB-497A-8EE1-BA0E718D814B}.Release|Any CPU.ActiveCfg = Release|Any CPU
		{AAE9FB6B-EEDB-497A-8EE1-BA0E718D814B}.Release|Any CPU.Build.0 = Release|Any CPU
		{AAE9FB6B-EEDB-497A-8EE1-BA0E718D814B}.Release|x64.ActiveCfg = Release|Any CPU
		{AAE9FB6B-EEDB-497A-8EE1-BA0E718D814B}.Release|x64.Build.0 = Release|Any CPU
		{EB506D48-0849-4241-BD71-9C6D132823B4}.Debug|Any CPU.ActiveCfg = Debug|Any CPU
		{EB506D48-0849-4241-BD71-9C6D132823B4}.Debug|Any CPU.Build.0 = Debug|Any CPU
		{EB506D48-0849-4241-BD71-9C6D132823B4}.Debug|x64.ActiveCfg = Debug|Any CPU
		{EB506D48-0849-4241-BD71-9C6D132823B4}.Debug|x64.Build.0 = Debug|Any CPU
		{EB506D48-0849-4241-BD71-9C6D132823B4}.Release|Any CPU.ActiveCfg = Release|Any CPU
		{EB506D48-0849-4241-BD71-9C6D132823B4}.Release|Any CPU.Build.0 = Release|Any CPU
		{EB506D48-0849-4241-BD71-9C6D132823B4}.Release|x64.ActiveCfg = Release|Any CPU
		{EB506D48-0849-4241-BD71-9C6D132823B4}.Release|x64.Build.0 = Release|Any CPU
		{890576D7-B6C8-44A5-BCE7-F4258732ACED}.Debug|Any CPU.ActiveCfg = Debug|Any CPU
		{890576D7-B6C8-44A5-BCE7-F4258732ACED}.Debug|Any CPU.Build.0 = Debug|Any CPU
		{890576D7-B6C8-44A5-BCE7-F4258732ACED}.Debug|x64.ActiveCfg = Debug|Any CPU
		{890576D7-B6C8-44A5-BCE7-F4258732ACED}.Debug|x64.Build.0 = Debug|Any CPU
		{890576D7-B6C8-44A5-BCE7-F4258732ACED}.Release|Any CPU.ActiveCfg = Release|Any CPU
		{890576D7-B6C8-44A5-BCE7-F4258732ACED}.Release|Any CPU.Build.0 = Release|Any CPU
		{890576D7-B6C8-44A5-BCE7-F4258732ACED}.Release|x64.ActiveCfg = Release|Any CPU
		{890576D7-B6C8-44A5-BCE7-F4258732ACED}.Release|x64.Build.0 = Release|Any CPU
		{BE015B33-7357-4276-B4B0-3628C761F8DE}.Debug|Any CPU.ActiveCfg = Debug|Any CPU
		{BE015B33-7357-4276-B4B0-3628C761F8DE}.Debug|Any CPU.Build.0 = Debug|Any CPU
		{BE015B33-7357-4276-B4B0-3628C761F8DE}.Debug|x64.ActiveCfg = Debug|Any CPU
		{BE015B33-7357-4276-B4B0-3628C761F8DE}.Debug|x64.Build.0 = Debug|Any CPU
		{BE015B33-7357-4276-B4B0-3628C761F8DE}.Release|Any CPU.ActiveCfg = Release|Any CPU
		{BE015B33-7357-4276-B4B0-3628C761F8DE}.Release|Any CPU.Build.0 = Release|Any CPU
		{BE015B33-7357-4276-B4B0-3628C761F8DE}.Release|x64.ActiveCfg = Release|Any CPU
		{BE015B33-7357-4276-B4B0-3628C761F8DE}.Release|x64.Build.0 = Release|Any CPU
		{D0ED4F6C-B567-4AFA-B5D0-0200A536AA66}.Debug|Any CPU.ActiveCfg = Debug|Any CPU
		{D0ED4F6C-B567-4AFA-B5D0-0200A536AA66}.Debug|Any CPU.Build.0 = Debug|Any CPU
		{D0ED4F6C-B567-4AFA-B5D0-0200A536AA66}.Debug|x64.ActiveCfg = Debug|Any CPU
		{D0ED4F6C-B567-4AFA-B5D0-0200A536AA66}.Debug|x64.Build.0 = Debug|Any CPU
		{D0ED4F6C-B567-4AFA-B5D0-0200A536AA66}.Release|Any CPU.ActiveCfg = Release|Any CPU
		{D0ED4F6C-B567-4AFA-B5D0-0200A536AA66}.Release|Any CPU.Build.0 = Release|Any CPU
		{D0ED4F6C-B567-4AFA-B5D0-0200A536AA66}.Release|x64.ActiveCfg = Release|Any CPU
		{D0ED4F6C-B567-4AFA-B5D0-0200A536AA66}.Release|x64.Build.0 = Release|Any CPU
		{1BAAFE95-A9F6-4702-ACFA-D17AFB0502EA}.Debug|Any CPU.ActiveCfg = Debug|Any CPU
		{1BAAFE95-A9F6-4702-ACFA-D17AFB0502EA}.Debug|Any CPU.Build.0 = Debug|Any CPU
		{1BAAFE95-A9F6-4702-ACFA-D17AFB0502EA}.Debug|x64.ActiveCfg = Debug|Any CPU
		{1BAAFE95-A9F6-4702-ACFA-D17AFB0502EA}.Debug|x64.Build.0 = Debug|Any CPU
		{1BAAFE95-A9F6-4702-ACFA-D17AFB0502EA}.Release|Any CPU.ActiveCfg = Release|Any CPU
		{1BAAFE95-A9F6-4702-ACFA-D17AFB0502EA}.Release|Any CPU.Build.0 = Release|Any CPU
		{1BAAFE95-A9F6-4702-ACFA-D17AFB0502EA}.Release|x64.ActiveCfg = Release|Any CPU
		{1BAAFE95-A9F6-4702-ACFA-D17AFB0502EA}.Release|x64.Build.0 = Release|Any CPU
		{D7F79823-9CA9-4A74-870F-87507CD9D067}.Debug|Any CPU.ActiveCfg = Debug|Any CPU
		{D7F79823-9CA9-4A74-870F-87507CD9D067}.Debug|Any CPU.Build.0 = Debug|Any CPU
		{D7F79823-9CA9-4A74-870F-87507CD9D067}.Debug|x64.ActiveCfg = Debug|Any CPU
		{D7F79823-9CA9-4A74-870F-87507CD9D067}.Debug|x64.Build.0 = Debug|Any CPU
		{D7F79823-9CA9-4A74-870F-87507CD9D067}.Release|Any CPU.ActiveCfg = Release|Any CPU
		{D7F79823-9CA9-4A74-870F-87507CD9D067}.Release|Any CPU.Build.0 = Release|Any CPU
		{D7F79823-9CA9-4A74-870F-87507CD9D067}.Release|x64.ActiveCfg = Release|Any CPU
		{D7F79823-9CA9-4A74-870F-87507CD9D067}.Release|x64.Build.0 = Release|Any CPU
		{0B07DDE4-6EA8-41C6-8830-D3BABAAE3ED4}.Debug|Any CPU.ActiveCfg = Debug|Any CPU
		{0B07DDE4-6EA8-41C6-8830-D3BABAAE3ED4}.Debug|Any CPU.Build.0 = Debug|Any CPU
		{0B07DDE4-6EA8-41C6-8830-D3BABAAE3ED4}.Debug|x64.ActiveCfg = Debug|Any CPU
		{0B07DDE4-6EA8-41C6-8830-D3BABAAE3ED4}.Debug|x64.Build.0 = Debug|Any CPU
		{0B07DDE4-6EA8-41C6-8830-D3BABAAE3ED4}.Release|Any CPU.ActiveCfg = Release|Any CPU
		{0B07DDE4-6EA8-41C6-8830-D3BABAAE3ED4}.Release|Any CPU.Build.0 = Release|Any CPU
		{0B07DDE4-6EA8-41C6-8830-D3BABAAE3ED4}.Release|x64.ActiveCfg = Release|Any CPU
		{0B07DDE4-6EA8-41C6-8830-D3BABAAE3ED4}.Release|x64.Build.0 = Release|Any CPU
	EndGlobalSection
	GlobalSection(SolutionProperties) = preSolution
		HideSolutionNode = FALSE
	EndGlobalSection
	GlobalSection(NestedProjects) = preSolution
		{DF55423A-815C-4FB2-9B74-8D9D29503A91} = {7EE293DD-94E2-433B-816F-3DB2C561CF79}
		{3E547D56-1768-4927-AFD1-D00FC015A4BE} = {9CE06808-8C78-4944-9EB0-83A259A10BD3}
		{7EE293DD-94E2-433B-816F-3DB2C561CF79} = {B626083E-DCDD-4B2C-9780-C2898568DF61}
		{6D39E646-F113-4366-B28B-AEBAC9EC1A55} = {3E547D56-1768-4927-AFD1-D00FC015A4BE}
		{9C233024-A03A-4FB7-A700-6B0E942F6ABD} = {39D62B8D-A8D6-44CD-818E-C79DDA20BDFE}
		{AAE9FB6B-EEDB-497A-8EE1-BA0E718D814B} = {B626083E-DCDD-4B2C-9780-C2898568DF61}
		{39D62B8D-A8D6-44CD-818E-C79DDA20BDFE} = {9CE06808-8C78-4944-9EB0-83A259A10BD3}
		{890576D7-B6C8-44A5-BCE7-F4258732ACED} = {D4131695-AC44-477A-AAA6-C44D954B00B4}
		{D4131695-AC44-477A-AAA6-C44D954B00B4} = {B626083E-DCDD-4B2C-9780-C2898568DF61}
		{BE015B33-7357-4276-B4B0-3628C761F8DE} = {D4131695-AC44-477A-AAA6-C44D954B00B4}
		{0A88008E-0F27-4C19-9081-C4A96413B758} = {B626083E-DCDD-4B2C-9780-C2898568DF61}
		{D0ED4F6C-B567-4AFA-B5D0-0200A536AA66} = {0A88008E-0F27-4C19-9081-C4A96413B758}
		{1BAAFE95-A9F6-4702-ACFA-D17AFB0502EA} = {D4131695-AC44-477A-AAA6-C44D954B00B4}
		{D7F79823-9CA9-4A74-870F-87507CD9D067} = {B626083E-DCDD-4B2C-9780-C2898568DF61}
		{0B07DDE4-6EA8-41C6-8830-D3BABAAE3ED4} = {C200CEF2-5964-426B-B347-FCE0A2FF2420}
	EndGlobalSection
	GlobalSection(ExtensibilityGlobals) = postSolution
		SolutionGuid = {BD929B27-0644-4051-BB26-BE22F5427FF4}
	EndGlobalSection
EndGlobal
